<?xml version="1.0" encoding="utf-8"?>
<Project ToolsVersion="4.0" xmlns="http://schemas.microsoft.com/developer/msbuild/2003">
  <ItemGroup>
    <Filter Include="プリコンパイル済みヘッダー">
      <UniqueIdentifier>{7ef016ed-f570-4324-b5ac-0ae9f7621f6f}</UniqueIdentifier>
    </Filter>
    <Filter Include="example">
      <UniqueIdentifier>{925716df-6e93-4299-a2eb-fc23a05529d7}</UniqueIdentifier>
    </Filter>
    <Filter Include="example\feature_test">
      <UniqueIdentifier>{39e308a2-d50f-49ef-abe9-52ba7953c61a}</UniqueIdentifier>
    </Filter>
    <Filter Include="example\feature_test\test_data">
      <UniqueIdentifier>{6906d44f-d13c-4bd9-ad25-25d634d21d49}</UniqueIdentifier>
    </Filter>
    <Filter Include="example\feature_test\save_load">
      <UniqueIdentifier>{495b23cc-cbd2-48d9-85e3-896eef4e1f7a}</UniqueIdentifier>
    </Filter>
    <Filter Include="example\basic_test">
      <UniqueIdentifier>{e14410b7-b6b3-432a-aa9b-8301181f8153}</UniqueIdentifier>
    </Filter>
    <Filter Include="example\common">
      <UniqueIdentifier>{b1845d3a-bc7a-4cfa-aa10-2baacfd1b76e}</UniqueIdentifier>
    </Filter>
    <Filter Include="example\common\file">
      <UniqueIdentifier>{9fdaa5a8-9fce-4751-8bba-3b159e273ea1}</UniqueIdentifier>
    </Filter>
    <Filter Include="example\common\work_buff">
      <UniqueIdentifier>{dfcff9de-0c56-46a2-a720-ac0d0f8f2300}</UniqueIdentifier>
    </Filter>
    <Filter Include="example\real_test">
      <UniqueIdentifier>{e19f70c2-b9f4-4a43-b157-3cfd2e387fcb}</UniqueIdentifier>
    </Filter>
  </ItemGroup>
  <ItemGroup>
    <ClCompile Include="..\..\src\example_serialization\example_serialization.cpp">
      <Filter>example</Filter>
    </ClCompile>
    <ClCompile Include="standard.cpp">
      <Filter>プリコンパイル済みヘッダー</Filter>
    </ClCompile>
    <ClCompile Include="main.cpp">
      <Filter>example</Filter>
    </ClCompile>
    <ClCompile Include="..\..\src\example_serialization\feature_test\save_load.cpp">
      <Filter>example\feature_test\save_load</Filter>
    </ClCompile>
    <ClCompile Include="..\..\src\example_serialization\feature_test\feature_test.cpp">
      <Filter>example\feature_test</Filter>
    </ClCompile>
    <ClCompile Include="..\..\src\example_serialization\file.cpp">
      <Filter>example\common\file</Filter>
    </ClCompile>
    <ClCompile Include="..\..\src\example_serialization\work_buff.cpp">
      <Filter>example\common\work_buff</Filter>
    </ClCompile>
    <ClCompile Include="..\..\src\example_serialization\basic_test\basic_test.cpp">
      <Filter>example\basic_test</Filter>
    </ClCompile>
  </ItemGroup>
  <ItemGroup>
    <ClInclude Include="..\..\src\example_serialization\example_serialization.h">
      <Filter>example</Filter>
    </ClInclude>
    <ClInclude Include="standard.h">
      <Filter>プリコンパイル済みヘッダー</Filter>
    </ClInclude>
    <ClInclude Include="..\..\src\example_serialization\feature_test\test_data.h">
      <Filter>example\feature_test\test_data</Filter>
    </ClInclude>
    <ClInclude Include="..\..\src\example_serialization\feature_test\save_load.h">
      <Filter>example\feature_test\save_load</Filter>
    </ClInclude>
    <ClInclude Include="..\..\src\example_serialization\feature_test\save_load_def.cpp.h">
      <Filter>example\feature_test\save_load</Filter>
    </ClInclude>
    <ClInclude Include="..\..\src\example_serialization\feature_test\feature_test.h">
      <Filter>example\feature_test</Filter>
    </ClInclude>
    <ClInclude Include="..\..\src\example_serialization\file.h">
      <Filter>example\common\file</Filter>
    </ClInclude>
    <ClInclude Include="..\..\src\example_serialization\work_buff.h">
      <Filter>example\common\work_buff</Filter>
    </ClInclude>
    <ClInclude Include="..\..\src\example_serialization\basic_test\basic_test.h">
      <Filter>example\basic_test</Filter>
    </ClInclude>
  </ItemGroup>
  <ItemGroup>
    <None Include="..\..\src\example_serialization\feature_test\test_data.inl">
      <Filter>example\feature_test\test_data</Filter>
    </None>
  </ItemGroup>
</Project>