<?xml version="1.0" encoding="utf-8"?>
<Project ToolsVersion="4.0" xmlns="http://schemas.microsoft.com/developer/msbuild/2003">
  <ItemGroup>
    <Filter Include="プリコンパイル済みヘッダー">
      <UniqueIdentifier>{7ef016ed-f570-4324-b5ac-0ae9f7621f6f}</UniqueIdentifier>
    </Filter>
    <Filter Include="example">
      <UniqueIdentifier>{925716df-6e93-4299-a2eb-fc23a05529d7}</UniqueIdentifier>
    </Filter>
    <Filter Include="example\feature_test">
      <UniqueIdentifier>{39e308a2-d50f-49ef-abe9-52ba7953c61a}</UniqueIdentifier>
    </Filter>
    <Filter Include="example\feature_test\test_data">
      <UniqueIdentifier>{6906d44f-d13c-4bd9-ad25-25d634d21d49}</UniqueIdentifier>
    </Filter>
    <Filter Include="example\feature_test\save_load">
      <UniqueIdentifier>{495b23cc-cbd2-48d9-85e3-896eef4e1f7a}</UniqueIdentifier>
    </Filter>
    <Filter Include="example\basic_test">
      <UniqueIdentifier>{e14410b7-b6b3-432a-aa9b-8301181f8153}</UniqueIdentifier>
    </Filter>
    <Filter Include="example\common">
      <UniqueIdentifier>{b1845d3a-bc7a-4cfa-aa10-2baacfd1b76e}</UniqueIdentifier>
    </Filter>
    <Filter Include="example\common\file">
      <UniqueIdentifier>{9fdaa5a8-9fce-4751-8bba-3b159e273ea1}</UniqueIdentifier>
    </Filter>
    <Filter Include="example\common\work_buff">
      <UniqueIdentifier>{dfcff9de-0c56-46a2-a720-ac0d0f8f2300}</UniqueIdentifier>
    </Filter>
    <Filter Include="example\real_test">
      <UniqueIdentifier>{e19f70c2-b9f4-4a43-b157-3cfd2e387fcb}</UniqueIdentifier>
    </Filter>
    <Filter Include="example\real_test\data">
      <UniqueIdentifier>{bc9a50ae-0f2a-4eae-9cec-de8ee9898687}</UniqueIdentifier>
    </Filter>
    <Filter Include="example\real_test\test_data">
      <UniqueIdentifier>{b6febfa2-0149-472e-b787-25a3c10e340d}</UniqueIdentifier>
    </Filter>
    <Filter Include="example\real_test\data\ability">
      <UniqueIdentifier>{48f6433d-8b44-4c5b-8e36-78f0db2df1fc}</UniqueIdentifier>
    </Filter>
    <Filter Include="example\real_test\data\basic">
      <UniqueIdentifier>{5c95dc03-e4e4-4194-b8d6-9ef845d25aea}</UniqueIdentifier>
    </Filter>
    <Filter Include="example\real_test\data\basic\basic_data">
      <UniqueIdentifier>{7a03cfe8-2c3d-40ef-bd64-c778edbbc004}</UniqueIdentifier>
    </Filter>
    <Filter Include="example\real_test\data\chara">
      <UniqueIdentifier>{93024a8d-b923-459f-a395-d247cfa1275f}</UniqueIdentifier>
    </Filter>
    <Filter Include="example\real_test\data\chara\chara_data">
      <UniqueIdentifier>{d3c62024-3006-4827-8512-914bdc098ff9}</UniqueIdentifier>
    </Filter>
    <Filter Include="example\real_test\data\chara\chara_ability">
      <UniqueIdentifier>{757fb5c6-5d3d-4967-84cc-dfccdcdcec45}</UniqueIdentifier>
    </Filter>
    <Filter Include="example\real_test\data\game_status">
      <UniqueIdentifier>{8138a512-1282-45e5-931d-3e22eca443f0}</UniqueIdentifier>
    </Filter>
    <Filter Include="example\real_test\data\ability\ability_data">
      <UniqueIdentifier>{be0b0099-e93b-494b-a370-85280483f0a2}</UniqueIdentifier>
    </Filter>
    <Filter Include="example\real_test\data\inventory">
      <UniqueIdentifier>{ba08812e-d28d-4518-85e7-0e5926893dae}</UniqueIdentifier>
    </Filter>
    <Filter Include="example\real_test\data\inventory\item_data">
      <UniqueIdentifier>{0a439610-e866-4015-b39f-2488ad4127cf}</UniqueIdentifier>
    </Filter>
    <Filter Include="example\real_test\data\inventory\inventory">
      <UniqueIdentifier>{fc2520d2-e62a-42e4-91db-71fc9c942848}</UniqueIdentifier>
    </Filter>
    <Filter Include="example\real_test\data\basic\data_collection">
      <UniqueIdentifier>{48bc7843-b215-4b98-a0e4-f0c960da6c16}</UniqueIdentifier>
    </Filter>
    <Filter Include="example\real_test\data\basic\fixed_len_str">
      <UniqueIdentifier>{944b79ac-30d2-4dd3-9cab-90e5d59e0ff6}</UniqueIdentifier>
    </Filter>
    <Filter Include="example\real_test\data\basic\fixed_len_str_ext">
      <UniqueIdentifier>{4357a8a9-72e7-4190-b7f2-53251bb46675}</UniqueIdentifier>
    </Filter>
    <Filter Include="example\real_test\data\ability\ability_collection">
      <UniqueIdentifier>{58200b0c-52f1-4cb3-8c00-9afbae581ba8}</UniqueIdentifier>
    </Filter>
    <Filter Include="example\real_test\data\chara\chara_collection">
      <UniqueIdentifier>{f8f9bf19-0690-4c1d-b467-f370e676f38a}</UniqueIdentifier>
    </Filter>
    <Filter Include="example\real_test\save_data">
      <UniqueIdentifier>{26ba1ccc-81fc-4b5b-b20e-a169ca4b426a}</UniqueIdentifier>
    </Filter>
    <Filter Include="example\real_test\save_data\save_data_version">
      <UniqueIdentifier>{a6ee0877-84fb-45b7-8178-e7eec137ed1f}</UniqueIdentifier>
    </Filter>
    <Filter Include="example\real_test\save_data\load_target">
      <UniqueIdentifier>{b07d98f5-1e56-47dc-8ae5-8317d3120a8c}</UniqueIdentifier>
    </Filter>
  </ItemGroup>
  <ItemGroup>
    <ClCompile Include="..\..\src\example_serialization\example_serialization.cpp">
      <Filter>example</Filter>
    </ClCompile>
    <ClCompile Include="standard.cpp">
      <Filter>プリコンパイル済みヘッダー</Filter>
    </ClCompile>
    <ClCompile Include="main.cpp">
      <Filter>example</Filter>
    </ClCompile>
    <ClCompile Include="..\..\src\example_serialization\feature_test\save_load.cpp">
      <Filter>example\feature_test\save_load</Filter>
    </ClCompile>
    <ClCompile Include="..\..\src\example_serialization\feature_test\feature_test.cpp">
      <Filter>example\feature_test</Filter>
    </ClCompile>
    <ClCompile Include="..\..\src\example_serialization\file.cpp">
      <Filter>example\common\file</Filter>
    </ClCompile>
    <ClCompile Include="..\..\src\example_serialization\work_buff.cpp">
      <Filter>example\common\work_buff</Filter>
    </ClCompile>
    <ClCompile Include="..\..\src\example_serialization\basic_test\basic_test.cpp">
      <Filter>example\basic_test</Filter>
    </ClCompile>
    <ClCompile Include="..\..\src\example_serialization\real_test\real_test.cpp">
      <Filter>example\real_test</Filter>
    </ClCompile>
    <ClCompile Include="..\..\src\example_serialization\real_test\test_data\test_data.cpp">
      <Filter>example\real_test\test_data</Filter>
    </ClCompile>
    <ClCompile Include="..\..\src\example_serialization\real_test\data\basic_data.cpp">
      <Filter>example\real_test\data\basic\basic_data</Filter>
    </ClCompile>
    <ClCompile Include="..\..\src\example_serialization\real_test\data\chara_data.cpp">
      <Filter>example\real_test\data\chara\chara_data</Filter>
    </ClCompile>
    <ClCompile Include="..\..\src\example_serialization\real_test\data\chara_ability_data.cpp">
      <Filter>example\real_test\data\chara\chara_ability</Filter>
    </ClCompile>
    <ClCompile Include="..\..\src\example_serialization\real_test\data\game_status.cpp">
      <Filter>example\real_test\data\game_status</Filter>
    </ClCompile>
    <ClCompile Include="..\..\src\example_serialization\real_test\data\ability_data.cpp">
      <Filter>example\real_test\data\ability\ability_data</Filter>
    </ClCompile>
    <ClCompile Include="..\..\src\example_serialization\real_test\data\item_data.cpp">
      <Filter>example\real_test\data\inventory\item_data</Filter>
    </ClCompile>
    <ClCompile Include="..\..\src\example_serialization\real_test\data\inventory.cpp">
      <Filter>example\real_test\data\inventory\inventory</Filter>
    </ClCompile>
    <ClCompile Include="..\..\src\example_serialization\real_test\data\ability_collection.cpp">
      <Filter>example\real_test\data\ability\ability_collection</Filter>
    </ClCompile>
    <ClCompile Include="..\..\src\example_serialization\real_test\data\chara_collection.cpp">
      <Filter>example\real_test\data\chara\chara_collection</Filter>
    </ClCompile>
    <ClCompile Include="..\..\src\example_serialization\real_test\save_data\save_data.cpp">
      <Filter>example\real_test\save_data</Filter>
    </ClCompile>
    <ClCompile Include="..\..\src\example_serialization\real_test\save_data\save_data_version.cpp">
      <Filter>example\real_test\save_data\save_data_version</Filter>
    </ClCompile>
    <ClCompile Include="..\..\src\example_serialization\real_test\save_data\load_target.cpp">
      <Filter>example\real_test\save_data\load_target</Filter>
    </ClCompile>
  </ItemGroup>
  <ItemGroup>
    <ClInclude Include="..\..\src\example_serialization\example_serialization.h">
      <Filter>example</Filter>
    </ClInclude>
    <ClInclude Include="standard.h">
      <Filter>プリコンパイル済みヘッダー</Filter>
    </ClInclude>
    <ClInclude Include="..\..\src\example_serialization\feature_test\test_data.h">
      <Filter>example\feature_test\test_data</Filter>
    </ClInclude>
    <ClInclude Include="..\..\src\example_serialization\feature_test\save_load.h">
      <Filter>example\feature_test\save_load</Filter>
    </ClInclude>
    <ClInclude Include="..\..\src\example_serialization\feature_test\feature_test.h">
      <Filter>example\feature_test</Filter>
    </ClInclude>
    <ClInclude Include="..\..\src\example_serialization\file.h">
      <Filter>example\common\file</Filter>
    </ClInclude>
    <ClInclude Include="..\..\src\example_serialization\work_buff.h">
      <Filter>example\common\work_buff</Filter>
    </ClInclude>
    <ClInclude Include="..\..\src\example_serialization\basic_test\basic_test.h">
      <Filter>example\basic_test</Filter>
    </ClInclude>
    <ClInclude Include="..\..\src\example_serialization\real_test\real_test.h">
      <Filter>example\real_test</Filter>
    </ClInclude>
    <ClInclude Include="..\..\src\example_serialization\real_test\test_data\test_data.h">
      <Filter>example\real_test\test_data</Filter>
    </ClInclude>
    <ClInclude Include="..\..\src\example_serialization\real_test\data\basic_data.h">
      <Filter>example\real_test\data\basic\basic_data</Filter>
    </ClInclude>
    <ClInclude Include="..\..\src\example_serialization\real_test\data\data_collection.h">
      <Filter>example\real_test\data\basic\data_collection</Filter>
    </ClInclude>
    <ClInclude Include="..\..\src\example_serialization\real_test\data\chara_data.h">
      <Filter>example\real_test\data\chara\chara_data</Filter>
    </ClInclude>
    <ClInclude Include="..\..\src\example_serialization\real_test\data\chara_ability_data.h">
      <Filter>example\real_test\data\chara\chara_ability</Filter>
    </ClInclude>
    <ClInclude Include="..\..\src\example_serialization\real_test\data\game_status.h">
      <Filter>example\real_test\data\game_status</Filter>
    </ClInclude>
    <ClInclude Include="..\..\src\example_serialization\real_test\data\ability_data.h">
      <Filter>example\real_test\data\ability\ability_data</Filter>
    </ClInclude>
    <ClInclude Include="..\..\src\example_serialization\real_test\data\item_data.h">
      <Filter>example\real_test\data\inventory\item_data</Filter>
    </ClInclude>
    <ClInclude Include="..\..\src\example_serialization\real_test\data\inventory.h">
      <Filter>example\real_test\data\inventory\inventory</Filter>
    </ClInclude>
    <ClInclude Include="..\..\src\example_serialization\real_test\data\fixed_len_str.h">
      <Filter>example\real_test\data\basic\fixed_len_str</Filter>
    </ClInclude>
    <ClInclude Include="..\..\src\example_serialization\real_test\data\fixed_len_str_ext.h">
      <Filter>example\real_test\data\basic\fixed_len_str_ext</Filter>
    </ClInclude>
    <ClInclude Include="..\..\src\example_serialization\real_test\data\data_collection.cpp.h">
      <Filter>example\real_test\data\basic\data_collection</Filter>
    </ClInclude>
    <ClInclude Include="..\..\src\example_serialization\real_test\data\ability_collection.h">
      <Filter>example\real_test\data\ability\ability_collection</Filter>
    </ClInclude>
    <ClInclude Include="..\..\src\example_serialization\real_test\data\chara_collection.h">
      <Filter>example\real_test\data\chara\chara_collection</Filter>
    </ClInclude>
    <ClInclude Include="..\..\src\example_serialization\real_test\save_data\save_data.h">
      <Filter>example\real_test\save_data</Filter>
    </ClInclude>
    <ClInclude Include="..\..\src\example_serialization\real_test\save_data\save_data_version.h">
      <Filter>example\real_test\save_data\save_data_version</Filter>
    </ClInclude>
    <ClInclude Include="..\..\src\example_serialization\feature_test\serialization.cpp.h">
      <Filter>example\feature_test\save_load</Filter>
    </ClInclude>
    <ClInclude Include="..\..\src\example_serialization\real_test\save_data\serialization.cpp.h">
      <Filter>example\real_test\save_data</Filter>
    </ClInclude>
    <ClInclude Include="..\..\src\example_serialization\real_test\save_data\load_target.h">
      <Filter>example\real_test\save_data\load_target</Filter>
    </ClInclude>
    <ClInclude Include="..\..\src\example_serialization\real_test\data\fixed_len_str_ext.cpp.h">
      <Filter>example\real_test\data\basic\fixed_len_str_ext</Filter>
    </ClInclude>
    <ClInclude Include="..\..\src\example_serialization\real_test\data\fixed_len_str.cpp.h">
      <Filter>example\real_test\data\basic\fixed_len_str</Filter>
    </ClInclude>
  </ItemGroup>
  <ItemGroup>
    <None Include="..\..\src\example_serialization\feature_test\test_data.inl">
      <Filter>example\feature_test\test_data</Filter>
    </None>
    <None Include="..\..\src\example_serialization\real_test\data\basic_data.inl">
      <Filter>example\real_test\data\basic\basic_data</Filter>
    </None>
    <None Include="..\..\src\example_serialization\real_test\data\data_collection.inl">
      <Filter>example\real_test\data\basic\data_collection</Filter>
    </None>
    <None Include="..\..\src\example_serialization\real_test\data\chara_data.inl">
      <Filter>example\real_test\data\chara\chara_data</Filter>
    </None>
    <None Include="..\..\src\example_serialization\real_test\data\chara_ability_data.inl">
      <Filter>example\real_test\data\chara\chara_ability</Filter>
    </None>
    <None Include="..\..\src\example_serialization\real_test\data\game_status.inl">
      <Filter>example\real_test\data\game_status</Filter>
    </None>
    <None Include="..\..\src\example_serialization\real_test\data\ability_data.inl">
      <Filter>example\real_test\data\ability\ability_data</Filter>
    </None>
    <None Include="..\..\src\example_serialization\real_test\data\item_data.inl">
      <Filter>example\real_test\data\inventory\item_data</Filter>
    </None>
    <None Include="..\..\src\example_serialization\real_test\data\inventory.inl">
      <Filter>example\real_test\data\inventory\inventory</Filter>
    </None>
    <None Include="..\..\src\example_serialization\real_test\data\fixed_len_str.inl">
      <Filter>example\real_test\data\basic\fixed_len_str</Filter>
    </None>
    <None Include="..\..\src\example_serialization\real_test\data\fixed_len_str_ext.inl">
      <Filter>example\real_test\data\basic\fixed_len_str_ext</Filter>
    </None>
    <None Include="..\..\src\example_serialization\real_test\data\ability_collection.inl">
      <Filter>example\real_test\data\ability\ability_collection</Filter>
    </None>
    <None Include="..\..\src\example_serialization\real_test\data\chara_collection.inl">
      <Filter>example\real_test\data\chara\chara_collection</Filter>
    </None>
    <None Include="..\..\src\example_serialization\real_test\save_data\save_data_version.inl">
      <Filter>example\real_test\save_data\save_data_version</Filter>
    </None>
    <None Include="..\..\src\example_serialization\real_test\save_data\load_target.inl">
      <Filter>example\real_test\save_data\load_target</Filter>
    </None>
  </ItemGroup>
  <ItemGroup>
    <ResourceCompile Include="example_serialization.rc" />
  </ItemGroup>
</Project>