
Microsoft Visual Studio Solution File, Format Version 12.00
# Visual Studio 2013
VisualStudioVersion = 12.0.21005.1
MinimumVisualStudioVersion = 10.0.40219.1
Project("{8BC9CEB8-8B4A-11D0-8D11-00A0C91BC942}") = "example_rb_tree", "example_rb_tree.vcxproj", "{73EDACE9-A42E-499F-8481-624ABE6A88CC}"
	ProjectSection(ProjectDependencies) = postProject
		{F178704C-7D9B-4C88-BFB8-2D4452B7E159} = {F178704C-7D9B-4C88-BFB8-2D4452B7E159}
	EndProjectSection
EndProject
Project("{8BC9CEB8-8B4A-11D0-8D11-00A0C91BC942}") = "gasha", "..\..\sub\gasha_src\proj\gasha.vcxproj", "{F178704C-7D9B-4C88-BFB8-2D4452B7E159}"
EndProject
Project("{2150E333-8FDC-42A3-9474-1A3956D46DE8}") = "example", "example", "{9E0CDD3C-1F02-4235-BF52-EAFF9CD52064}"
EndProject
Project("{2150E333-8FDC-42A3-9474-1A3956D46DE8}") = "library", "library", "{CD683B64-66AC-4234-B9F5-889E9A874014}"
EndProject
Global
	GlobalSection(SolutionConfigurationPlatforms) = preSolution
		Debug|Win32 = Debug|Win32
		Debug|x64 = Debug|x64
		Release|Win32 = Release|Win32
		Release|x64 = Release|x64
	EndGlobalSection
	GlobalSection(ProjectConfigurationPlatforms) = postSolution
		{73EDACE9-A42E-499F-8481-624ABE6A88CC}.Debug|Win32.ActiveCfg = Debug|Win32
		{73EDACE9-A42E-499F-8481-624ABE6A88CC}.Debug|Win32.Build.0 = Debug|Win32
		{73EDACE9-A42E-499F-8481-624ABE6A88CC}.Debug|x64.ActiveCfg = Debug|x64
		{73EDACE9-A42E-499F-8481-624ABE6A88CC}.Debug|x64.Build.0 = Debug|x64
		{73EDACE9-A42E-499F-8481-624ABE6A88CC}.Release|Win32.ActiveCfg = Release|Win32
		{73EDACE9-A42E-499F-8481-624ABE6A88CC}.Release|Win32.Build.0 = Release|Win32
		{73EDACE9-A42E-499F-8481-624ABE6A88CC}.Release|x64.ActiveCfg = Release|x64
		{73EDACE9-A42E-499F-8481-624ABE6A88CC}.Release|x64.Build.0 = Release|x64
		{F178704C-7D9B-4C88-BFB8-2D4452B7E159}.Debug|Win32.ActiveCfg = Debug|Win32
		{F178704C-7D9B-4C88-BFB8-2D4452B7E159}.Debug|Win32.Build.0 = Debug|Win32
		{F178704C-7D9B-4C88-BFB8-2D4452B7E159}.Debug|x64.ActiveCfg = Debug|x64
		{F178704C-7D9B-4C88-BFB8-2D4452B7E159}.Debug|x64.Build.0 = Debug|x64
		{F178704C-7D9B-4C88-BFB8-2D4452B7E159}.Release|Win32.ActiveCfg = Release|Win32
		{F178704C-7D9B-4C88-BFB8-2D4452B7E159}.Release|Win32.Build.0 = Release|Win32
		{F178704C-7D9B-4C88-BFB8-2D4452B7E159}.Release|x64.ActiveCfg = Release|x64
		{F178704C-7D9B-4C88-BFB8-2D4452B7E159}.Release|x64.Build.0 = Release|x64
	EndGlobalSection
	GlobalSection(SolutionProperties) = preSolution
		HideSolutionNode = FALSE
	EndGlobalSection
	GlobalSection(NestedProjects) = preSolution
		{73EDACE9-A42E-499F-8481-624ABE6A88CC} = {9E0CDD3C-1F02-4235-BF52-EAFF9CD52064}
		{F178704C-7D9B-4C88-BFB8-2D4452B7E159} = {CD683B64-66AC-4234-B9F5-889E9A874014}
	EndGlobalSection
EndGlobal
