
Microsoft Visual Studio Solution File, Format Version 12.00
# Visual Studio 2013
VisualStudioVersion = 12.0.21005.1
MinimumVisualStudioVersion = 10.0.40219.1
Project("{8BC9CEB8-8B4A-11D0-8D11-00A0C91BC942}") = "gasha", "..\sub\gasha_src\proj\gasha.vcxproj", "{F178704C-7D9B-4C88-BFB8-2D4452B7E159}"
EndProject
Project("{8BC9CEB8-8B4A-11D0-8D11-00A0C91BC942}") = "example_crc32", "example_crc32\example_crc32.vcxproj", "{4F724C39-D98C-4988-9A88-0C8B1416D75E}"
	ProjectSection(ProjectDependencies) = postProject
		{F178704C-7D9B-4C88-BFB8-2D4452B7E159} = {F178704C-7D9B-4C88-BFB8-2D4452B7E159}
	EndProjectSection
EndProject
Project("{8BC9CEB8-8B4A-11D0-8D11-00A0C91BC942}") = "example_specify_environment", "example_specify_environment\example_specify_environment.vcxproj", "{65085AD2-4820-42DD-AD2B-DEFA9AB79879}"
	ProjectSection(ProjectDependencies) = postProject
		{F178704C-7D9B-4C88-BFB8-2D4452B7E159} = {F178704C-7D9B-4C88-BFB8-2D4452B7E159}
	EndProjectSection
EndProject
Project("{8BC9CEB8-8B4A-11D0-8D11-00A0C91BC942}") = "example_sort_and_search", "example_sort_and_search\example_sort_and_search.vcxproj", "{7EDB8703-66AE-4BF1-8D36-A6880EB34A96}"
EndProject
Global
	GlobalSection(SolutionConfigurationPlatforms) = preSolution
		Debug|Win32 = Debug|Win32
		Debug|x64 = Debug|x64
		Release|Win32 = Release|Win32
		Release|x64 = Release|x64
	EndGlobalSection
	GlobalSection(ProjectConfigurationPlatforms) = postSolution
		{F178704C-7D9B-4C88-BFB8-2D4452B7E159}.Debug|Win32.ActiveCfg = Debug|Win32
		{F178704C-7D9B-4C88-BFB8-2D4452B7E159}.Debug|Win32.Build.0 = Debug|Win32
		{F178704C-7D9B-4C88-BFB8-2D4452B7E159}.Debug|x64.ActiveCfg = Debug|x64
		{F178704C-7D9B-4C88-BFB8-2D4452B7E159}.Debug|x64.Build.0 = Debug|x64
		{F178704C-7D9B-4C88-BFB8-2D4452B7E159}.Release|Win32.ActiveCfg = Release|Win32
		{F178704C-7D9B-4C88-BFB8-2D4452B7E159}.Release|Win32.Build.0 = Release|Win32
		{F178704C-7D9B-4C88-BFB8-2D4452B7E159}.Release|x64.ActiveCfg = Release|x64
		{F178704C-7D9B-4C88-BFB8-2D4452B7E159}.Release|x64.Build.0 = Release|x64
		{4F724C39-D98C-4988-9A88-0C8B1416D75E}.Debug|Win32.ActiveCfg = Debug|Win32
		{4F724C39-D98C-4988-9A88-0C8B1416D75E}.Debug|Win32.Build.0 = Debug|Win32
		{4F724C39-D98C-4988-9A88-0C8B1416D75E}.Debug|x64.ActiveCfg = Debug|x64
		{4F724C39-D98C-4988-9A88-0C8B1416D75E}.Debug|x64.Build.0 = Debug|x64
		{4F724C39-D98C-4988-9A88-0C8B1416D75E}.Release|Win32.ActiveCfg = Release|Win32
		{4F724C39-D98C-4988-9A88-0C8B1416D75E}.Release|Win32.Build.0 = Release|Win32
		{4F724C39-D98C-4988-9A88-0C8B1416D75E}.Release|x64.ActiveCfg = Release|x64
		{4F724C39-D98C-4988-9A88-0C8B1416D75E}.Release|x64.Build.0 = Release|x64
		{65085AD2-4820-42DD-AD2B-DEFA9AB79879}.Debug|Win32.ActiveCfg = Debug|Win32
		{65085AD2-4820-42DD-AD2B-DEFA9AB79879}.Debug|Win32.Build.0 = Debug|Win32
		{65085AD2-4820-42DD-AD2B-DEFA9AB79879}.Debug|x64.ActiveCfg = Debug|x64
		{65085AD2-4820-42DD-AD2B-DEFA9AB79879}.Debug|x64.Build.0 = Debug|x64
		{65085AD2-4820-42DD-AD2B-DEFA9AB79879}.Release|Win32.ActiveCfg = Release|Win32
		{65085AD2-4820-42DD-AD2B-DEFA9AB79879}.Release|Win32.Build.0 = Release|Win32
		{65085AD2-4820-42DD-AD2B-DEFA9AB79879}.Release|x64.ActiveCfg = Release|x64
		{65085AD2-4820-42DD-AD2B-DEFA9AB79879}.Release|x64.Build.0 = Release|x64
		{7EDB8703-66AE-4BF1-8D36-A6880EB34A96}.Debug|Win32.ActiveCfg = Debug|Win32
		{7EDB8703-66AE-4BF1-8D36-A6880EB34A96}.Debug|Win32.Build.0 = Debug|Win32
		{7EDB8703-66AE-4BF1-8D36-A6880EB34A96}.Debug|x64.ActiveCfg = Debug|x64
		{7EDB8703-66AE-4BF1-8D36-A6880EB34A96}.Debug|x64.Build.0 = Debug|x64
		{7EDB8703-66AE-4BF1-8D36-A6880EB34A96}.Release|Win32.ActiveCfg = Release|Win32
		{7EDB8703-66AE-4BF1-8D36-A6880EB34A96}.Release|Win32.Build.0 = Release|Win32
		{7EDB8703-66AE-4BF1-8D36-A6880EB34A96}.Release|x64.ActiveCfg = Release|x64
		{7EDB8703-66AE-4BF1-8D36-A6880EB34A96}.Release|x64.Build.0 = Release|x64
	EndGlobalSection
	GlobalSection(SolutionProperties) = preSolution
		HideSolutionNode = FALSE
	EndGlobalSection
EndGlobal
