
Microsoft Visual Studio Solution File, Format Version 12.00
# Visual Studio 2013
VisualStudioVersion = 12.0.21005.1
MinimumVisualStudioVersion = 10.0.40219.1
Project("{8BC9CEB8-8B4A-11D0-8D11-00A0C91BC942}") = "gasha", "..\sub\gasha_src\proj\gasha.vcxproj", "{F178704C-7D9B-4C88-BFB8-2D4452B7E159}"
EndProject
Project("{8BC9CEB8-8B4A-11D0-8D11-00A0C91BC942}") = "example_crc32", "example_crc32\example_crc32.vcxproj", "{4F724C39-D98C-4988-9A88-0C8B1416D75E}"
	ProjectSection(ProjectDependencies) = postProject
		{F178704C-7D9B-4C88-BFB8-2D4452B7E159} = {F178704C-7D9B-4C88-BFB8-2D4452B7E159}
	EndProjectSection
EndProject
Project("{8BC9CEB8-8B4A-11D0-8D11-00A0C91BC942}") = "example_sort_and_search", "example_sort_and_search\example_sort_and_search.vcxproj", "{7EDB8703-66AE-4BF1-8D36-A6880EB34A96}"
	ProjectSection(ProjectDependencies) = postProject
		{F178704C-7D9B-4C88-BFB8-2D4452B7E159} = {F178704C-7D9B-4C88-BFB8-2D4452B7E159}
	EndProjectSection
EndProject
Project("{8BC9CEB8-8B4A-11D0-8D11-00A0C91BC942}") = "example_basic_math", "example_basic_math\example_basic_math.vcxproj", "{BAA37764-31E9-47C0-9158-B576FD71015A}"
	ProjectSection(ProjectDependencies) = postProject
		{F178704C-7D9B-4C88-BFB8-2D4452B7E159} = {F178704C-7D9B-4C88-BFB8-2D4452B7E159}
	EndProjectSection
EndProject
Project("{8BC9CEB8-8B4A-11D0-8D11-00A0C91BC942}") = "example_build_settings", "example_build_settings\example_build_settings.vcxproj", "{1AA49789-F8BF-4132-80CF-E321F23E8493}"
	ProjectSection(ProjectDependencies) = postProject
		{F178704C-7D9B-4C88-BFB8-2D4452B7E159} = {F178704C-7D9B-4C88-BFB8-2D4452B7E159}
	EndProjectSection
EndProject
Project("{8BC9CEB8-8B4A-11D0-8D11-00A0C91BC942}") = "example_type_traits", "example_type_traits\example_type_traits.vcxproj", "{21B7D673-2384-4E40-A5E1-FD8EDCA251BE}"
	ProjectSection(ProjectDependencies) = postProject
		{F178704C-7D9B-4C88-BFB8-2D4452B7E159} = {F178704C-7D9B-4C88-BFB8-2D4452B7E159}
	EndProjectSection
EndProject
Project("{8BC9CEB8-8B4A-11D0-8D11-00A0C91BC942}") = "example_utility", "example_utility\example_utility.vcxproj", "{24D67422-DB19-4760-A58E-F2050397B3C4}"
	ProjectSection(ProjectDependencies) = postProject
		{F178704C-7D9B-4C88-BFB8-2D4452B7E159} = {F178704C-7D9B-4C88-BFB8-2D4452B7E159}
	EndProjectSection
EndProject
Project("{2150E333-8FDC-42A3-9474-1A3956D46DE8}") = "examples", "examples", "{8E594444-6663-4F53-AC75-13CFE8597F8C}"
EndProject
Project("{2150E333-8FDC-42A3-9474-1A3956D46DE8}") = "library", "library", "{8AAFF4A4-6824-47AC-B4BB-99A39E599259}"
EndProject
Project("{8BC9CEB8-8B4A-11D0-8D11-00A0C91BC942}") = "example_shared_data", "example_shared_data\example_shared_data.vcxproj", "{B1FDB9BA-EFDB-4751-B17E-794F129C7EBF}"
EndProject
Global
	GlobalSection(SolutionConfigurationPlatforms) = preSolution
		Debug|Win32 = Debug|Win32
		Debug|x64 = Debug|x64
		Release|Win32 = Release|Win32
		Release|x64 = Release|x64
	EndGlobalSection
	GlobalSection(ProjectConfigurationPlatforms) = postSolution
		{F178704C-7D9B-4C88-BFB8-2D4452B7E159}.Debug|Win32.ActiveCfg = Debug|Win32
		{F178704C-7D9B-4C88-BFB8-2D4452B7E159}.Debug|Win32.Build.0 = Debug|Win32
		{F178704C-7D9B-4C88-BFB8-2D4452B7E159}.Debug|x64.ActiveCfg = Debug|x64
		{F178704C-7D9B-4C88-BFB8-2D4452B7E159}.Debug|x64.Build.0 = Debug|x64
		{F178704C-7D9B-4C88-BFB8-2D4452B7E159}.Release|Win32.ActiveCfg = Release|Win32
		{F178704C-7D9B-4C88-BFB8-2D4452B7E159}.Release|Win32.Build.0 = Release|Win32
		{F178704C-7D9B-4C88-BFB8-2D4452B7E159}.Release|x64.ActiveCfg = Release|x64
		{F178704C-7D9B-4C88-BFB8-2D4452B7E159}.Release|x64.Build.0 = Release|x64
		{4F724C39-D98C-4988-9A88-0C8B1416D75E}.Debug|Win32.ActiveCfg = Debug|Win32
		{4F724C39-D98C-4988-9A88-0C8B1416D75E}.Debug|Win32.Build.0 = Debug|Win32
		{4F724C39-D98C-4988-9A88-0C8B1416D75E}.Debug|x64.ActiveCfg = Debug|x64
		{4F724C39-D98C-4988-9A88-0C8B1416D75E}.Debug|x64.Build.0 = Debug|x64
		{4F724C39-D98C-4988-9A88-0C8B1416D75E}.Release|Win32.ActiveCfg = Release|Win32
		{4F724C39-D98C-4988-9A88-0C8B1416D75E}.Release|Win32.Build.0 = Release|Win32
		{4F724C39-D98C-4988-9A88-0C8B1416D75E}.Release|x64.ActiveCfg = Release|x64
		{4F724C39-D98C-4988-9A88-0C8B1416D75E}.Release|x64.Build.0 = Release|x64
		{7EDB8703-66AE-4BF1-8D36-A6880EB34A96}.Debug|Win32.ActiveCfg = Debug|Win32
		{7EDB8703-66AE-4BF1-8D36-A6880EB34A96}.Debug|Win32.Build.0 = Debug|Win32
		{7EDB8703-66AE-4BF1-8D36-A6880EB34A96}.Debug|x64.ActiveCfg = Debug|x64
		{7EDB8703-66AE-4BF1-8D36-A6880EB34A96}.Debug|x64.Build.0 = Debug|x64
		{7EDB8703-66AE-4BF1-8D36-A6880EB34A96}.Release|Win32.ActiveCfg = Release|Win32
		{7EDB8703-66AE-4BF1-8D36-A6880EB34A96}.Release|Win32.Build.0 = Release|Win32
		{7EDB8703-66AE-4BF1-8D36-A6880EB34A96}.Release|x64.ActiveCfg = Release|x64
		{7EDB8703-66AE-4BF1-8D36-A6880EB34A96}.Release|x64.Build.0 = Release|x64
		{BAA37764-31E9-47C0-9158-B576FD71015A}.Debug|Win32.ActiveCfg = Debug|Win32
		{BAA37764-31E9-47C0-9158-B576FD71015A}.Debug|Win32.Build.0 = Debug|Win32
		{BAA37764-31E9-47C0-9158-B576FD71015A}.Debug|x64.ActiveCfg = Debug|x64
		{BAA37764-31E9-47C0-9158-B576FD71015A}.Debug|x64.Build.0 = Debug|x64
		{BAA37764-31E9-47C0-9158-B576FD71015A}.Release|Win32.ActiveCfg = Release|Win32
		{BAA37764-31E9-47C0-9158-B576FD71015A}.Release|Win32.Build.0 = Release|Win32
		{BAA37764-31E9-47C0-9158-B576FD71015A}.Release|x64.ActiveCfg = Release|x64
		{BAA37764-31E9-47C0-9158-B576FD71015A}.Release|x64.Build.0 = Release|x64
		{1AA49789-F8BF-4132-80CF-E321F23E8493}.Debug|Win32.ActiveCfg = Debug|Win32
		{1AA49789-F8BF-4132-80CF-E321F23E8493}.Debug|Win32.Build.0 = Debug|Win32
		{1AA49789-F8BF-4132-80CF-E321F23E8493}.Debug|x64.ActiveCfg = Debug|x64
		{1AA49789-F8BF-4132-80CF-E321F23E8493}.Debug|x64.Build.0 = Debug|x64
		{1AA49789-F8BF-4132-80CF-E321F23E8493}.Release|Win32.ActiveCfg = Release|Win32
		{1AA49789-F8BF-4132-80CF-E321F23E8493}.Release|Win32.Build.0 = Release|Win32
		{1AA49789-F8BF-4132-80CF-E321F23E8493}.Release|x64.ActiveCfg = Release|x64
		{1AA49789-F8BF-4132-80CF-E321F23E8493}.Release|x64.Build.0 = Release|x64
		{21B7D673-2384-4E40-A5E1-FD8EDCA251BE}.Debug|Win32.ActiveCfg = Debug|Win32
		{21B7D673-2384-4E40-A5E1-FD8EDCA251BE}.Debug|Win32.Build.0 = Debug|Win32
		{21B7D673-2384-4E40-A5E1-FD8EDCA251BE}.Debug|x64.ActiveCfg = Debug|x64
		{21B7D673-2384-4E40-A5E1-FD8EDCA251BE}.Debug|x64.Build.0 = Debug|x64
		{21B7D673-2384-4E40-A5E1-FD8EDCA251BE}.Release|Win32.ActiveCfg = Release|Win32
		{21B7D673-2384-4E40-A5E1-FD8EDCA251BE}.Release|Win32.Build.0 = Release|Win32
		{21B7D673-2384-4E40-A5E1-FD8EDCA251BE}.Release|x64.ActiveCfg = Release|x64
		{21B7D673-2384-4E40-A5E1-FD8EDCA251BE}.Release|x64.Build.0 = Release|x64
		{24D67422-DB19-4760-A58E-F2050397B3C4}.Debug|Win32.ActiveCfg = Debug|Win32
		{24D67422-DB19-4760-A58E-F2050397B3C4}.Debug|Win32.Build.0 = Debug|Win32
		{24D67422-DB19-4760-A58E-F2050397B3C4}.Debug|x64.ActiveCfg = Debug|x64
		{24D67422-DB19-4760-A58E-F2050397B3C4}.Debug|x64.Build.0 = Debug|x64
		{24D67422-DB19-4760-A58E-F2050397B3C4}.Release|Win32.ActiveCfg = Release|Win32
		{24D67422-DB19-4760-A58E-F2050397B3C4}.Release|Win32.Build.0 = Release|Win32
		{24D67422-DB19-4760-A58E-F2050397B3C4}.Release|x64.ActiveCfg = Release|x64
		{24D67422-DB19-4760-A58E-F2050397B3C4}.Release|x64.Build.0 = Release|x64
		{B1FDB9BA-EFDB-4751-B17E-794F129C7EBF}.Debug|Win32.ActiveCfg = Debug|Win32
		{B1FDB9BA-EFDB-4751-B17E-794F129C7EBF}.Debug|Win32.Build.0 = Debug|Win32
		{B1FDB9BA-EFDB-4751-B17E-794F129C7EBF}.Debug|x64.ActiveCfg = Debug|x64
		{B1FDB9BA-EFDB-4751-B17E-794F129C7EBF}.Debug|x64.Build.0 = Debug|x64
		{B1FDB9BA-EFDB-4751-B17E-794F129C7EBF}.Release|Win32.ActiveCfg = Release|Win32
		{B1FDB9BA-EFDB-4751-B17E-794F129C7EBF}.Release|Win32.Build.0 = Release|Win32
		{B1FDB9BA-EFDB-4751-B17E-794F129C7EBF}.Release|x64.ActiveCfg = Release|x64
		{B1FDB9BA-EFDB-4751-B17E-794F129C7EBF}.Release|x64.Build.0 = Release|x64
	EndGlobalSection
	GlobalSection(SolutionProperties) = preSolution
		HideSolutionNode = FALSE
	EndGlobalSection
	GlobalSection(NestedProjects) = preSolution
		{BAA37764-31E9-47C0-9158-B576FD71015A} = {8E594444-6663-4F53-AC75-13CFE8597F8C}
		{1AA49789-F8BF-4132-80CF-E321F23E8493} = {8E594444-6663-4F53-AC75-13CFE8597F8C}
		{4F724C39-D98C-4988-9A88-0C8B1416D75E} = {8E594444-6663-4F53-AC75-13CFE8597F8C}
		{7EDB8703-66AE-4BF1-8D36-A6880EB34A96} = {8E594444-6663-4F53-AC75-13CFE8597F8C}
		{21B7D673-2384-4E40-A5E1-FD8EDCA251BE} = {8E594444-6663-4F53-AC75-13CFE8597F8C}
		{24D67422-DB19-4760-A58E-F2050397B3C4} = {8E594444-6663-4F53-AC75-13CFE8597F8C}
		{B1FDB9BA-EFDB-4751-B17E-794F129C7EBF} = {8E594444-6663-4F53-AC75-13CFE8597F8C}
		{F178704C-7D9B-4C88-BFB8-2D4452B7E159} = {8AAFF4A4-6824-47AC-B4BB-99A39E599259}
	EndGlobalSection
EndGlobal
