
Microsoft Visual Studio Solution File, Format Version 12.00
# Visual Studio 2013
VisualStudioVersion = 12.0.21005.1
MinimumVisualStudioVersion = 10.0.40219.1
Project("{8BC9CEB8-8B4A-11D0-8D11-00A0C91BC942}") = "gasha", "..\sub\gasha_src\proj\gasha.vcxproj", "{F178704C-7D9B-4C88-BFB8-2D4452B7E159}"
EndProject
Project("{8BC9CEB8-8B4A-11D0-8D11-00A0C91BC942}") = "example_crc32", "example_crc32\example_crc32.vcxproj", "{4F724C39-D98C-4988-9A88-0C8B1416D75E}"
	ProjectSection(ProjectDependencies) = postProject
		{F178704C-7D9B-4C88-BFB8-2D4452B7E159} = {F178704C-7D9B-4C88-BFB8-2D4452B7E159}
	EndProjectSection
EndProject
Project("{8BC9CEB8-8B4A-11D0-8D11-00A0C91BC942}") = "example_sort_and_search", "example_sort_and_search\example_sort_and_search.vcxproj", "{7EDB8703-66AE-4BF1-8D36-A6880EB34A96}"
	ProjectSection(ProjectDependencies) = postProject
		{F178704C-7D9B-4C88-BFB8-2D4452B7E159} = {F178704C-7D9B-4C88-BFB8-2D4452B7E159}
	EndProjectSection
EndProject
Project("{8BC9CEB8-8B4A-11D0-8D11-00A0C91BC942}") = "example_basic_math", "example_basic_math\example_basic_math.vcxproj", "{BAA37764-31E9-47C0-9158-B576FD71015A}"
	ProjectSection(ProjectDependencies) = postProject
		{F178704C-7D9B-4C88-BFB8-2D4452B7E159} = {F178704C-7D9B-4C88-BFB8-2D4452B7E159}
	EndProjectSection
EndProject
Project("{8BC9CEB8-8B4A-11D0-8D11-00A0C91BC942}") = "example_build_settings", "example_build_settings\example_build_settings.vcxproj", "{1AA49789-F8BF-4132-80CF-E321F23E8493}"
	ProjectSection(ProjectDependencies) = postProject
		{F178704C-7D9B-4C88-BFB8-2D4452B7E159} = {F178704C-7D9B-4C88-BFB8-2D4452B7E159}
	EndProjectSection
EndProject
Project("{8BC9CEB8-8B4A-11D0-8D11-00A0C91BC942}") = "example_type_traits", "example_type_traits\example_type_traits.vcxproj", "{21B7D673-2384-4E40-A5E1-FD8EDCA251BE}"
	ProjectSection(ProjectDependencies) = postProject
		{F178704C-7D9B-4C88-BFB8-2D4452B7E159} = {F178704C-7D9B-4C88-BFB8-2D4452B7E159}
	EndProjectSection
EndProject
Project("{8BC9CEB8-8B4A-11D0-8D11-00A0C91BC942}") = "example_utility", "example_utility\example_utility.vcxproj", "{24D67422-DB19-4760-A58E-F2050397B3C4}"
	ProjectSection(ProjectDependencies) = postProject
		{F178704C-7D9B-4C88-BFB8-2D4452B7E159} = {F178704C-7D9B-4C88-BFB8-2D4452B7E159}
	EndProjectSection
EndProject
Project("{2150E333-8FDC-42A3-9474-1A3956D46DE8}") = "examples", "examples", "{8E594444-6663-4F53-AC75-13CFE8597F8C}"
EndProject
Project("{2150E333-8FDC-42A3-9474-1A3956D46DE8}") = "library", "library", "{8AAFF4A4-6824-47AC-B4BB-99A39E599259}"
EndProject
Project("{8BC9CEB8-8B4A-11D0-8D11-00A0C91BC942}") = "example_shared_data", "example_shared_data\example_shared_data.vcxproj", "{B1FDB9BA-EFDB-4751-B17E-794F129C7EBF}"
	ProjectSection(ProjectDependencies) = postProject
		{F178704C-7D9B-4C88-BFB8-2D4452B7E159} = {F178704C-7D9B-4C88-BFB8-2D4452B7E159}
	EndProjectSection
EndProject
Project("{8BC9CEB8-8B4A-11D0-8D11-00A0C91BC942}") = "example_dynamic_array", "example_dynamic_array\example_dynamic_array.vcxproj", "{C7C07065-2FDB-4EBA-B8A6-E40ED8E28125}"
	ProjectSection(ProjectDependencies) = postProject
		{F178704C-7D9B-4C88-BFB8-2D4452B7E159} = {F178704C-7D9B-4C88-BFB8-2D4452B7E159}
	EndProjectSection
EndProject
Project("{8BC9CEB8-8B4A-11D0-8D11-00A0C91BC942}") = "example_fast_math", "example_fast_math\example_fast_math.vcxproj", "{983D3315-429D-4133-A5D4-D9C07D3FCB7A}"
	ProjectSection(ProjectDependencies) = postProject
		{F178704C-7D9B-4C88-BFB8-2D4452B7E159} = {F178704C-7D9B-4C88-BFB8-2D4452B7E159}
	EndProjectSection
EndProject
Project("{8BC9CEB8-8B4A-11D0-8D11-00A0C91BC942}") = "example_fast_string", "example_fast_string\example_fast_string.vcxproj", "{3E0623EC-9C6A-4519-A71F-E41FBD8C2B6D}"
	ProjectSection(ProjectDependencies) = postProject
		{F178704C-7D9B-4C88-BFB8-2D4452B7E159} = {F178704C-7D9B-4C88-BFB8-2D4452B7E159}
	EndProjectSection
EndProject
Project("{8BC9CEB8-8B4A-11D0-8D11-00A0C91BC942}") = "example_linked_list", "example_linked_list\example_linked_list.vcxproj", "{B5EBF14C-B974-40C5-A3DB-ED667FBD4345}"
	ProjectSection(ProjectDependencies) = postProject
		{F178704C-7D9B-4C88-BFB8-2D4452B7E159} = {F178704C-7D9B-4C88-BFB8-2D4452B7E159}
	EndProjectSection
EndProject
Project("{8BC9CEB8-8B4A-11D0-8D11-00A0C91BC942}") = "example_priority_queue", "example_priority_queue\example_priority_queue.vcxproj", "{F78911DD-4884-446F-AD92-625D2813A551}"
	ProjectSection(ProjectDependencies) = postProject
		{F178704C-7D9B-4C88-BFB8-2D4452B7E159} = {F178704C-7D9B-4C88-BFB8-2D4452B7E159}
	EndProjectSection
EndProject
Project("{8BC9CEB8-8B4A-11D0-8D11-00A0C91BC942}") = "example_rb_tree", "example_rb_tree\example_rb_tree.vcxproj", "{73EDACE9-A42E-499F-8481-624ABE6A88CC}"
	ProjectSection(ProjectDependencies) = postProject
		{F178704C-7D9B-4C88-BFB8-2D4452B7E159} = {F178704C-7D9B-4C88-BFB8-2D4452B7E159}
	EndProjectSection
EndProject
Project("{8BC9CEB8-8B4A-11D0-8D11-00A0C91BC942}") = "example_singly_linked_list", "example_singly_linked_list\example_singly_linked_list.vcxproj", "{CF642EB4-7AAA-4226-AE1A-8A627761435A}"
	ProjectSection(ProjectDependencies) = postProject
		{F178704C-7D9B-4C88-BFB8-2D4452B7E159} = {F178704C-7D9B-4C88-BFB8-2D4452B7E159}
	EndProjectSection
EndProject
Project("{8BC9CEB8-8B4A-11D0-8D11-00A0C91BC942}") = "example_hash_table", "example_hash_table\example_hash_table.vcxproj", "{DECBEA08-AFE7-4702-8394-C0E6D08B11BB}"
	ProjectSection(ProjectDependencies) = postProject
		{F178704C-7D9B-4C88-BFB8-2D4452B7E159} = {F178704C-7D9B-4C88-BFB8-2D4452B7E159}
	EndProjectSection
EndProject
Project("{8BC9CEB8-8B4A-11D0-8D11-00A0C91BC942}") = "example_ring_buffer", "example_ring_buffer\example_ring_buffer.vcxproj", "{99C60CF1-D2E0-4058-A3CB-202AAE533DD2}"
	ProjectSection(ProjectDependencies) = postProject
		{F178704C-7D9B-4C88-BFB8-2D4452B7E159} = {F178704C-7D9B-4C88-BFB8-2D4452B7E159}
	EndProjectSection
EndProject
Project("{2150E333-8FDC-42A3-9474-1A3956D46DE8}") = "utility", "utility", "{89291990-C06D-41AF-A69C-F3B715CFDA31}"
EndProject
Project("{2150E333-8FDC-42A3-9474-1A3956D46DE8}") = "thread", "thread", "{032E5361-EFF2-48AA-A80C-A77C5FC43D38}"
EndProject
Project("{2150E333-8FDC-42A3-9474-1A3956D46DE8}") = "math", "math", "{555B655D-8617-4089-8D53-D4D2EA3D004F}"
EndProject
Project("{2150E333-8FDC-42A3-9474-1A3956D46DE8}") = "algorithm", "algorithm", "{732F05A1-510D-4F13-8D43-015E13EAD828}"
EndProject
Project("{2150E333-8FDC-42A3-9474-1A3956D46DE8}") = "container", "container", "{2F8F4943-222D-4D57-A371-A6CF741942BD}"
EndProject
Project("{2150E333-8FDC-42A3-9474-1A3956D46DE8}") = "external", "external", "{EA4D8EEE-C379-4E43-BAB7-CA40FEF04277}"
EndProject
Project("{2150E333-8FDC-42A3-9474-1A3956D46DE8}") = "internal", "internal", "{CB8433EF-7161-4992-839D-17351A01097E}"
EndProject
Project("{2150E333-8FDC-42A3-9474-1A3956D46DE8}") = "adapter", "adapter", "{1A846685-1FBE-4D61-9D0A-CEA890151D5B}"
EndProject
Project("{2150E333-8FDC-42A3-9474-1A3956D46DE8}") = "build_settings", "build_settings", "{77CA821D-AAA4-4173-B700-A4DDB8F7D4D9}"
EndProject
Project("{2150E333-8FDC-42A3-9474-1A3956D46DE8}") = "string", "string", "{56789781-98D1-4B6B-8815-EA6E9BB029A0}"
EndProject
Project("{2150E333-8FDC-42A3-9474-1A3956D46DE8}") = "singleton", "singleton", "{F62E6A18-D6BB-4A42-B2EA-9B400FF144DD}"
EndProject
Project("{2150E333-8FDC-42A3-9474-1A3956D46DE8}") = "allocator", "allocator", "{B9AADFDD-45FB-4BA9-8FD5-4B55403B2F8A}"
EndProject
Project("{2150E333-8FDC-42A3-9474-1A3956D46DE8}") = "serialize", "serialize", "{69EBD645-3E34-4910-AC55-DAB5AA755C53}"
EndProject
Project("{2150E333-8FDC-42A3-9474-1A3956D46DE8}") = "debug", "debug", "{88530394-5B74-4F57-B884-A1CE6A0A0F3F}"
EndProject
Project("{2150E333-8FDC-42A3-9474-1A3956D46DE8}") = "unit_test", "unit_test", "{13CCAA18-03AF-402B-B5AE-2B4C2F215506}"
EndProject
Project("{2150E333-8FDC-42A3-9474-1A3956D46DE8}") = "call_point", "call_point", "{EFF0C871-E57D-4424-9C65-F366E7ACF512}"
EndProject
Project("{2150E333-8FDC-42A3-9474-1A3956D46DE8}") = "notice", "notice", "{79408220-5B8F-48AF-B322-770628AAC9BF}"
EndProject
Project("{8BC9CEB8-8B4A-11D0-8D11-00A0C91BC942}") = "example_thread_id", "example_thread_id\example_thread_id.vcxproj", "{085C988B-E0FC-464E-BFD9-4DC55DFD0A1B}"
EndProject
Project("{8BC9CEB8-8B4A-11D0-8D11-00A0C91BC942}") = "example_singleton", "example_singleton\example_singleton.vcxproj", "{65ED60F2-C453-4BE6-9D12-BB2730CC3B55}"
EndProject
Global
	GlobalSection(SolutionConfigurationPlatforms) = preSolution
		Debug|Win32 = Debug|Win32
		Debug|x64 = Debug|x64
		Release|Win32 = Release|Win32
		Release|x64 = Release|x64
	EndGlobalSection
	GlobalSection(ProjectConfigurationPlatforms) = postSolution
		{F178704C-7D9B-4C88-BFB8-2D4452B7E159}.Debug|Win32.ActiveCfg = Debug|Win32
		{F178704C-7D9B-4C88-BFB8-2D4452B7E159}.Debug|Win32.Build.0 = Debug|Win32
		{F178704C-7D9B-4C88-BFB8-2D4452B7E159}.Debug|x64.ActiveCfg = Debug|x64
		{F178704C-7D9B-4C88-BFB8-2D4452B7E159}.Debug|x64.Build.0 = Debug|x64
		{F178704C-7D9B-4C88-BFB8-2D4452B7E159}.Release|Win32.ActiveCfg = Release|Win32
		{F178704C-7D9B-4C88-BFB8-2D4452B7E159}.Release|Win32.Build.0 = Release|Win32
		{F178704C-7D9B-4C88-BFB8-2D4452B7E159}.Release|x64.ActiveCfg = Release|x64
		{F178704C-7D9B-4C88-BFB8-2D4452B7E159}.Release|x64.Build.0 = Release|x64
		{4F724C39-D98C-4988-9A88-0C8B1416D75E}.Debug|Win32.ActiveCfg = Debug|Win32
		{4F724C39-D98C-4988-9A88-0C8B1416D75E}.Debug|Win32.Build.0 = Debug|Win32
		{4F724C39-D98C-4988-9A88-0C8B1416D75E}.Debug|x64.ActiveCfg = Debug|x64
		{4F724C39-D98C-4988-9A88-0C8B1416D75E}.Debug|x64.Build.0 = Debug|x64
		{4F724C39-D98C-4988-9A88-0C8B1416D75E}.Release|Win32.ActiveCfg = Release|Win32
		{4F724C39-D98C-4988-9A88-0C8B1416D75E}.Release|Win32.Build.0 = Release|Win32
		{4F724C39-D98C-4988-9A88-0C8B1416D75E}.Release|x64.ActiveCfg = Release|x64
		{4F724C39-D98C-4988-9A88-0C8B1416D75E}.Release|x64.Build.0 = Release|x64
		{7EDB8703-66AE-4BF1-8D36-A6880EB34A96}.Debug|Win32.ActiveCfg = Debug|Win32
		{7EDB8703-66AE-4BF1-8D36-A6880EB34A96}.Debug|Win32.Build.0 = Debug|Win32
		{7EDB8703-66AE-4BF1-8D36-A6880EB34A96}.Debug|x64.ActiveCfg = Debug|x64
		{7EDB8703-66AE-4BF1-8D36-A6880EB34A96}.Debug|x64.Build.0 = Debug|x64
		{7EDB8703-66AE-4BF1-8D36-A6880EB34A96}.Release|Win32.ActiveCfg = Release|Win32
		{7EDB8703-66AE-4BF1-8D36-A6880EB34A96}.Release|Win32.Build.0 = Release|Win32
		{7EDB8703-66AE-4BF1-8D36-A6880EB34A96}.Release|x64.ActiveCfg = Release|x64
		{7EDB8703-66AE-4BF1-8D36-A6880EB34A96}.Release|x64.Build.0 = Release|x64
		{BAA37764-31E9-47C0-9158-B576FD71015A}.Debug|Win32.ActiveCfg = Debug|Win32
		{BAA37764-31E9-47C0-9158-B576FD71015A}.Debug|Win32.Build.0 = Debug|Win32
		{BAA37764-31E9-47C0-9158-B576FD71015A}.Debug|x64.ActiveCfg = Debug|x64
		{BAA37764-31E9-47C0-9158-B576FD71015A}.Debug|x64.Build.0 = Debug|x64
		{BAA37764-31E9-47C0-9158-B576FD71015A}.Release|Win32.ActiveCfg = Release|Win32
		{BAA37764-31E9-47C0-9158-B576FD71015A}.Release|Win32.Build.0 = Release|Win32
		{BAA37764-31E9-47C0-9158-B576FD71015A}.Release|x64.ActiveCfg = Release|x64
		{BAA37764-31E9-47C0-9158-B576FD71015A}.Release|x64.Build.0 = Release|x64
		{1AA49789-F8BF-4132-80CF-E321F23E8493}.Debug|Win32.ActiveCfg = Debug|Win32
		{1AA49789-F8BF-4132-80CF-E321F23E8493}.Debug|Win32.Build.0 = Debug|Win32
		{1AA49789-F8BF-4132-80CF-E321F23E8493}.Debug|x64.ActiveCfg = Debug|x64
		{1AA49789-F8BF-4132-80CF-E321F23E8493}.Debug|x64.Build.0 = Debug|x64
		{1AA49789-F8BF-4132-80CF-E321F23E8493}.Release|Win32.ActiveCfg = Release|Win32
		{1AA49789-F8BF-4132-80CF-E321F23E8493}.Release|Win32.Build.0 = Release|Win32
		{1AA49789-F8BF-4132-80CF-E321F23E8493}.Release|x64.ActiveCfg = Release|x64
		{1AA49789-F8BF-4132-80CF-E321F23E8493}.Release|x64.Build.0 = Release|x64
		{21B7D673-2384-4E40-A5E1-FD8EDCA251BE}.Debug|Win32.ActiveCfg = Debug|Win32
		{21B7D673-2384-4E40-A5E1-FD8EDCA251BE}.Debug|Win32.Build.0 = Debug|Win32
		{21B7D673-2384-4E40-A5E1-FD8EDCA251BE}.Debug|x64.ActiveCfg = Debug|x64
		{21B7D673-2384-4E40-A5E1-FD8EDCA251BE}.Debug|x64.Build.0 = Debug|x64
		{21B7D673-2384-4E40-A5E1-FD8EDCA251BE}.Release|Win32.ActiveCfg = Release|Win32
		{21B7D673-2384-4E40-A5E1-FD8EDCA251BE}.Release|Win32.Build.0 = Release|Win32
		{21B7D673-2384-4E40-A5E1-FD8EDCA251BE}.Release|x64.ActiveCfg = Release|x64
		{21B7D673-2384-4E40-A5E1-FD8EDCA251BE}.Release|x64.Build.0 = Release|x64
		{24D67422-DB19-4760-A58E-F2050397B3C4}.Debug|Win32.ActiveCfg = Debug|Win32
		{24D67422-DB19-4760-A58E-F2050397B3C4}.Debug|Win32.Build.0 = Debug|Win32
		{24D67422-DB19-4760-A58E-F2050397B3C4}.Debug|x64.ActiveCfg = Debug|x64
		{24D67422-DB19-4760-A58E-F2050397B3C4}.Debug|x64.Build.0 = Debug|x64
		{24D67422-DB19-4760-A58E-F2050397B3C4}.Release|Win32.ActiveCfg = Release|Win32
		{24D67422-DB19-4760-A58E-F2050397B3C4}.Release|Win32.Build.0 = Release|Win32
		{24D67422-DB19-4760-A58E-F2050397B3C4}.Release|x64.ActiveCfg = Release|x64
		{24D67422-DB19-4760-A58E-F2050397B3C4}.Release|x64.Build.0 = Release|x64
		{B1FDB9BA-EFDB-4751-B17E-794F129C7EBF}.Debug|Win32.ActiveCfg = Debug|Win32
		{B1FDB9BA-EFDB-4751-B17E-794F129C7EBF}.Debug|Win32.Build.0 = Debug|Win32
		{B1FDB9BA-EFDB-4751-B17E-794F129C7EBF}.Debug|x64.ActiveCfg = Debug|x64
		{B1FDB9BA-EFDB-4751-B17E-794F129C7EBF}.Debug|x64.Build.0 = Debug|x64
		{B1FDB9BA-EFDB-4751-B17E-794F129C7EBF}.Release|Win32.ActiveCfg = Release|Win32
		{B1FDB9BA-EFDB-4751-B17E-794F129C7EBF}.Release|Win32.Build.0 = Release|Win32
		{B1FDB9BA-EFDB-4751-B17E-794F129C7EBF}.Release|x64.ActiveCfg = Release|x64
		{B1FDB9BA-EFDB-4751-B17E-794F129C7EBF}.Release|x64.Build.0 = Release|x64
		{C7C07065-2FDB-4EBA-B8A6-E40ED8E28125}.Debug|Win32.ActiveCfg = Debug|Win32
		{C7C07065-2FDB-4EBA-B8A6-E40ED8E28125}.Debug|Win32.Build.0 = Debug|Win32
		{C7C07065-2FDB-4EBA-B8A6-E40ED8E28125}.Debug|x64.ActiveCfg = Debug|x64
		{C7C07065-2FDB-4EBA-B8A6-E40ED8E28125}.Debug|x64.Build.0 = Debug|x64
		{C7C07065-2FDB-4EBA-B8A6-E40ED8E28125}.Release|Win32.ActiveCfg = Release|Win32
		{C7C07065-2FDB-4EBA-B8A6-E40ED8E28125}.Release|Win32.Build.0 = Release|Win32
		{C7C07065-2FDB-4EBA-B8A6-E40ED8E28125}.Release|x64.ActiveCfg = Release|x64
		{C7C07065-2FDB-4EBA-B8A6-E40ED8E28125}.Release|x64.Build.0 = Release|x64
		{983D3315-429D-4133-A5D4-D9C07D3FCB7A}.Debug|Win32.ActiveCfg = Debug|Win32
		{983D3315-429D-4133-A5D4-D9C07D3FCB7A}.Debug|Win32.Build.0 = Debug|Win32
		{983D3315-429D-4133-A5D4-D9C07D3FCB7A}.Debug|x64.ActiveCfg = Debug|x64
		{983D3315-429D-4133-A5D4-D9C07D3FCB7A}.Debug|x64.Build.0 = Debug|x64
		{983D3315-429D-4133-A5D4-D9C07D3FCB7A}.Release|Win32.ActiveCfg = Release|Win32
		{983D3315-429D-4133-A5D4-D9C07D3FCB7A}.Release|Win32.Build.0 = Release|Win32
		{983D3315-429D-4133-A5D4-D9C07D3FCB7A}.Release|x64.ActiveCfg = Release|x64
		{983D3315-429D-4133-A5D4-D9C07D3FCB7A}.Release|x64.Build.0 = Release|x64
		{3E0623EC-9C6A-4519-A71F-E41FBD8C2B6D}.Debug|Win32.ActiveCfg = Debug|Win32
		{3E0623EC-9C6A-4519-A71F-E41FBD8C2B6D}.Debug|Win32.Build.0 = Debug|Win32
		{3E0623EC-9C6A-4519-A71F-E41FBD8C2B6D}.Debug|x64.ActiveCfg = Debug|x64
		{3E0623EC-9C6A-4519-A71F-E41FBD8C2B6D}.Debug|x64.Build.0 = Debug|x64
		{3E0623EC-9C6A-4519-A71F-E41FBD8C2B6D}.Release|Win32.ActiveCfg = Release|Win32
		{3E0623EC-9C6A-4519-A71F-E41FBD8C2B6D}.Release|Win32.Build.0 = Release|Win32
		{3E0623EC-9C6A-4519-A71F-E41FBD8C2B6D}.Release|x64.ActiveCfg = Release|x64
		{3E0623EC-9C6A-4519-A71F-E41FBD8C2B6D}.Release|x64.Build.0 = Release|x64
		{B5EBF14C-B974-40C5-A3DB-ED667FBD4345}.Debug|Win32.ActiveCfg = Debug|Win32
		{B5EBF14C-B974-40C5-A3DB-ED667FBD4345}.Debug|Win32.Build.0 = Debug|Win32
		{B5EBF14C-B974-40C5-A3DB-ED667FBD4345}.Debug|x64.ActiveCfg = Debug|x64
		{B5EBF14C-B974-40C5-A3DB-ED667FBD4345}.Debug|x64.Build.0 = Debug|x64
		{B5EBF14C-B974-40C5-A3DB-ED667FBD4345}.Release|Win32.ActiveCfg = Release|Win32
		{B5EBF14C-B974-40C5-A3DB-ED667FBD4345}.Release|Win32.Build.0 = Release|Win32
		{B5EBF14C-B974-40C5-A3DB-ED667FBD4345}.Release|x64.ActiveCfg = Release|x64
		{B5EBF14C-B974-40C5-A3DB-ED667FBD4345}.Release|x64.Build.0 = Release|x64
		{F78911DD-4884-446F-AD92-625D2813A551}.Debug|Win32.ActiveCfg = Debug|Win32
		{F78911DD-4884-446F-AD92-625D2813A551}.Debug|Win32.Build.0 = Debug|Win32
		{F78911DD-4884-446F-AD92-625D2813A551}.Debug|x64.ActiveCfg = Debug|x64
		{F78911DD-4884-446F-AD92-625D2813A551}.Debug|x64.Build.0 = Debug|x64
		{F78911DD-4884-446F-AD92-625D2813A551}.Release|Win32.ActiveCfg = Release|Win32
		{F78911DD-4884-446F-AD92-625D2813A551}.Release|Win32.Build.0 = Release|Win32
		{F78911DD-4884-446F-AD92-625D2813A551}.Release|x64.ActiveCfg = Release|x64
		{F78911DD-4884-446F-AD92-625D2813A551}.Release|x64.Build.0 = Release|x64
		{73EDACE9-A42E-499F-8481-624ABE6A88CC}.Debug|Win32.ActiveCfg = Debug|Win32
		{73EDACE9-A42E-499F-8481-624ABE6A88CC}.Debug|Win32.Build.0 = Debug|Win32
		{73EDACE9-A42E-499F-8481-624ABE6A88CC}.Debug|x64.ActiveCfg = Debug|x64
		{73EDACE9-A42E-499F-8481-624ABE6A88CC}.Debug|x64.Build.0 = Debug|x64
		{73EDACE9-A42E-499F-8481-624ABE6A88CC}.Release|Win32.ActiveCfg = Release|Win32
		{73EDACE9-A42E-499F-8481-624ABE6A88CC}.Release|Win32.Build.0 = Release|Win32
		{73EDACE9-A42E-499F-8481-624ABE6A88CC}.Release|x64.ActiveCfg = Release|x64
		{73EDACE9-A42E-499F-8481-624ABE6A88CC}.Release|x64.Build.0 = Release|x64
		{CF642EB4-7AAA-4226-AE1A-8A627761435A}.Debug|Win32.ActiveCfg = Debug|Win32
		{CF642EB4-7AAA-4226-AE1A-8A627761435A}.Debug|Win32.Build.0 = Debug|Win32
		{CF642EB4-7AAA-4226-AE1A-8A627761435A}.Debug|x64.ActiveCfg = Debug|x64
		{CF642EB4-7AAA-4226-AE1A-8A627761435A}.Debug|x64.Build.0 = Debug|x64
		{CF642EB4-7AAA-4226-AE1A-8A627761435A}.Release|Win32.ActiveCfg = Release|Win32
		{CF642EB4-7AAA-4226-AE1A-8A627761435A}.Release|Win32.Build.0 = Release|Win32
		{CF642EB4-7AAA-4226-AE1A-8A627761435A}.Release|x64.ActiveCfg = Release|x64
		{CF642EB4-7AAA-4226-AE1A-8A627761435A}.Release|x64.Build.0 = Release|x64
		{DECBEA08-AFE7-4702-8394-C0E6D08B11BB}.Debug|Win32.ActiveCfg = Debug|Win32
		{DECBEA08-AFE7-4702-8394-C0E6D08B11BB}.Debug|Win32.Build.0 = Debug|Win32
		{DECBEA08-AFE7-4702-8394-C0E6D08B11BB}.Debug|x64.ActiveCfg = Debug|x64
		{DECBEA08-AFE7-4702-8394-C0E6D08B11BB}.Debug|x64.Build.0 = Debug|x64
		{DECBEA08-AFE7-4702-8394-C0E6D08B11BB}.Release|Win32.ActiveCfg = Release|Win32
		{DECBEA08-AFE7-4702-8394-C0E6D08B11BB}.Release|Win32.Build.0 = Release|Win32
		{DECBEA08-AFE7-4702-8394-C0E6D08B11BB}.Release|x64.ActiveCfg = Release|x64
		{DECBEA08-AFE7-4702-8394-C0E6D08B11BB}.Release|x64.Build.0 = Release|x64
		{99C60CF1-D2E0-4058-A3CB-202AAE533DD2}.Debug|Win32.ActiveCfg = Debug|Win32
		{99C60CF1-D2E0-4058-A3CB-202AAE533DD2}.Debug|Win32.Build.0 = Debug|Win32
		{99C60CF1-D2E0-4058-A3CB-202AAE533DD2}.Debug|x64.ActiveCfg = Debug|x64
		{99C60CF1-D2E0-4058-A3CB-202AAE533DD2}.Debug|x64.Build.0 = Debug|x64
		{99C60CF1-D2E0-4058-A3CB-202AAE533DD2}.Release|Win32.ActiveCfg = Release|Win32
		{99C60CF1-D2E0-4058-A3CB-202AAE533DD2}.Release|Win32.Build.0 = Release|Win32
		{99C60CF1-D2E0-4058-A3CB-202AAE533DD2}.Release|x64.ActiveCfg = Release|x64
		{99C60CF1-D2E0-4058-A3CB-202AAE533DD2}.Release|x64.Build.0 = Release|x64
		{085C988B-E0FC-464E-BFD9-4DC55DFD0A1B}.Debug|Win32.ActiveCfg = Debug|Win32
		{085C988B-E0FC-464E-BFD9-4DC55DFD0A1B}.Debug|Win32.Build.0 = Debug|Win32
		{085C988B-E0FC-464E-BFD9-4DC55DFD0A1B}.Debug|x64.ActiveCfg = Debug|x64
		{085C988B-E0FC-464E-BFD9-4DC55DFD0A1B}.Debug|x64.Build.0 = Debug|x64
		{085C988B-E0FC-464E-BFD9-4DC55DFD0A1B}.Release|Win32.ActiveCfg = Release|Win32
		{085C988B-E0FC-464E-BFD9-4DC55DFD0A1B}.Release|Win32.Build.0 = Release|Win32
		{085C988B-E0FC-464E-BFD9-4DC55DFD0A1B}.Release|x64.ActiveCfg = Release|x64
		{085C988B-E0FC-464E-BFD9-4DC55DFD0A1B}.Release|x64.Build.0 = Release|x64
		{65ED60F2-C453-4BE6-9D12-BB2730CC3B55}.Debug|Win32.ActiveCfg = Debug|Win32
		{65ED60F2-C453-4BE6-9D12-BB2730CC3B55}.Debug|Win32.Build.0 = Debug|Win32
		{65ED60F2-C453-4BE6-9D12-BB2730CC3B55}.Debug|x64.ActiveCfg = Debug|x64
		{65ED60F2-C453-4BE6-9D12-BB2730CC3B55}.Debug|x64.Build.0 = Debug|x64
		{65ED60F2-C453-4BE6-9D12-BB2730CC3B55}.Release|Win32.ActiveCfg = Release|Win32
		{65ED60F2-C453-4BE6-9D12-BB2730CC3B55}.Release|Win32.Build.0 = Release|Win32
		{65ED60F2-C453-4BE6-9D12-BB2730CC3B55}.Release|x64.ActiveCfg = Release|x64
		{65ED60F2-C453-4BE6-9D12-BB2730CC3B55}.Release|x64.Build.0 = Release|x64
	EndGlobalSection
	GlobalSection(SolutionProperties) = preSolution
		HideSolutionNode = FALSE
	EndGlobalSection
	GlobalSection(NestedProjects) = preSolution
		{F178704C-7D9B-4C88-BFB8-2D4452B7E159} = {8AAFF4A4-6824-47AC-B4BB-99A39E599259}
		{732F05A1-510D-4F13-8D43-015E13EAD828} = {8E594444-6663-4F53-AC75-13CFE8597F8C}
		{555B655D-8617-4089-8D53-D4D2EA3D004F} = {8E594444-6663-4F53-AC75-13CFE8597F8C}
		{77CA821D-AAA4-4173-B700-A4DDB8F7D4D9} = {8E594444-6663-4F53-AC75-13CFE8597F8C}
		{89291990-C06D-41AF-A69C-F3B715CFDA31} = {8E594444-6663-4F53-AC75-13CFE8597F8C}
		{032E5361-EFF2-48AA-A80C-A77C5FC43D38} = {8E594444-6663-4F53-AC75-13CFE8597F8C}
		{2F8F4943-222D-4D57-A371-A6CF741942BD} = {8E594444-6663-4F53-AC75-13CFE8597F8C}
		{56789781-98D1-4B6B-8815-EA6E9BB029A0} = {8E594444-6663-4F53-AC75-13CFE8597F8C}
		{F62E6A18-D6BB-4A42-B2EA-9B400FF144DD} = {8E594444-6663-4F53-AC75-13CFE8597F8C}
		{B9AADFDD-45FB-4BA9-8FD5-4B55403B2F8A} = {8E594444-6663-4F53-AC75-13CFE8597F8C}
		{69EBD645-3E34-4910-AC55-DAB5AA755C53} = {8E594444-6663-4F53-AC75-13CFE8597F8C}
		{88530394-5B74-4F57-B884-A1CE6A0A0F3F} = {8E594444-6663-4F53-AC75-13CFE8597F8C}
		{13CCAA18-03AF-402B-B5AE-2B4C2F215506} = {8E594444-6663-4F53-AC75-13CFE8597F8C}
		{7EDB8703-66AE-4BF1-8D36-A6880EB34A96} = {732F05A1-510D-4F13-8D43-015E13EAD828}
		{4F724C39-D98C-4988-9A88-0C8B1416D75E} = {555B655D-8617-4089-8D53-D4D2EA3D004F}
		{983D3315-429D-4133-A5D4-D9C07D3FCB7A} = {555B655D-8617-4089-8D53-D4D2EA3D004F}
		{BAA37764-31E9-47C0-9158-B576FD71015A} = {555B655D-8617-4089-8D53-D4D2EA3D004F}
		{1AA49789-F8BF-4132-80CF-E321F23E8493} = {77CA821D-AAA4-4173-B700-A4DDB8F7D4D9}
		{24D67422-DB19-4760-A58E-F2050397B3C4} = {89291990-C06D-41AF-A69C-F3B715CFDA31}
		{21B7D673-2384-4E40-A5E1-FD8EDCA251BE} = {89291990-C06D-41AF-A69C-F3B715CFDA31}
		{B1FDB9BA-EFDB-4751-B17E-794F129C7EBF} = {032E5361-EFF2-48AA-A80C-A77C5FC43D38}
		{085C988B-E0FC-464E-BFD9-4DC55DFD0A1B} = {032E5361-EFF2-48AA-A80C-A77C5FC43D38}
		{EA4D8EEE-C379-4E43-BAB7-CA40FEF04277} = {2F8F4943-222D-4D57-A371-A6CF741942BD}
		{1A846685-1FBE-4D61-9D0A-CEA890151D5B} = {2F8F4943-222D-4D57-A371-A6CF741942BD}
		{CB8433EF-7161-4992-839D-17351A01097E} = {2F8F4943-222D-4D57-A371-A6CF741942BD}
		{3E0623EC-9C6A-4519-A71F-E41FBD8C2B6D} = {56789781-98D1-4B6B-8815-EA6E9BB029A0}
		{73EDACE9-A42E-499F-8481-624ABE6A88CC} = {EA4D8EEE-C379-4E43-BAB7-CA40FEF04277}
		{CF642EB4-7AAA-4226-AE1A-8A627761435A} = {EA4D8EEE-C379-4E43-BAB7-CA40FEF04277}
		{99C60CF1-D2E0-4058-A3CB-202AAE533DD2} = {EA4D8EEE-C379-4E43-BAB7-CA40FEF04277}
		{C7C07065-2FDB-4EBA-B8A6-E40ED8E28125} = {EA4D8EEE-C379-4E43-BAB7-CA40FEF04277}
		{B5EBF14C-B974-40C5-A3DB-ED667FBD4345} = {EA4D8EEE-C379-4E43-BAB7-CA40FEF04277}
		{F78911DD-4884-446F-AD92-625D2813A551} = {1A846685-1FBE-4D61-9D0A-CEA890151D5B}
		{DECBEA08-AFE7-4702-8394-C0E6D08B11BB} = {CB8433EF-7161-4992-839D-17351A01097E}
		{65ED60F2-C453-4BE6-9D12-BB2730CC3B55} = {F62E6A18-D6BB-4A42-B2EA-9B400FF144DD}
		{EFF0C871-E57D-4424-9C65-F366E7ACF512} = {88530394-5B74-4F57-B884-A1CE6A0A0F3F}
		{79408220-5B8F-48AF-B322-770628AAC9BF} = {88530394-5B74-4F57-B884-A1CE6A0A0F3F}
	EndGlobalSection
EndGlobal
